
Microsoft Visual Studio Solution File, Format Version 12.00
# Visual Studio Version 16
VisualStudioVersion = 16.0.29424.173
MinimumVisualStudioVersion = 10.0.40219.1
Project("{FAE04EC0-301F-11D3-BF4B-00C04F79EFBC}") = "Sieci", "Sieci.csproj", "{0BC82D2A-EE70-41AB-973B-F77A485323A7}"
EndProject
Project("{FAE04EC0-301F-11D3-BF4B-00C04F79EFBC}") = "Client", "..\Client\Client.csproj", "{31BD5A9B-0801-43DD-806C-CA611C406936}"
EndProject
Global
	GlobalSection(SolutionConfigurationPlatforms) = preSolution
		Debug|Any CPU = Debug|Any CPU
		Release|Any CPU = Release|Any CPU
	EndGlobalSection
	GlobalSection(ProjectConfigurationPlatforms) = postSolution
		{0BC82D2A-EE70-41AB-973B-F77A485323A7}.Debug|Any CPU.ActiveCfg = Debug|Any CPU
		{0BC82D2A-EE70-41AB-973B-F77A485323A7}.Debug|Any CPU.Build.0 = Debug|Any CPU
		{0BC82D2A-EE70-41AB-973B-F77A485323A7}.Release|Any CPU.ActiveCfg = Release|Any CPU
		{0BC82D2A-EE70-41AB-973B-F77A485323A7}.Release|Any CPU.Build.0 = Release|Any CPU
		{31BD5A9B-0801-43DD-806C-CA611C406936}.Debug|Any CPU.ActiveCfg = Debug|Any CPU
		{31BD5A9B-0801-43DD-806C-CA611C406936}.Debug|Any CPU.Build.0 = Debug|Any CPU
		{31BD5A9B-0801-43DD-806C-CA611C406936}.Release|Any CPU.ActiveCfg = Release|Any CPU
		{31BD5A9B-0801-43DD-806C-CA611C406936}.Release|Any CPU.Build.0 = Release|Any CPU
	EndGlobalSection
	GlobalSection(SolutionProperties) = preSolution
		HideSolutionNode = FALSE
	EndGlobalSection
	GlobalSection(ExtensibilityGlobals) = postSolution
		SolutionGuid = {5FF310B5-63E2-4A9D-8123-A8269C6AE4A9}
	EndGlobalSection
EndGlobal
